github.com/cloudseeder/hugothemeone v0.8.3 h1:CPtZ51Y1/YNLU7ATt5/lUK6x+yKxp3SOeDsEuI4xIOM=
github.com/cloudseeder/hugothemeone v0.8.3/go.mod h1:v4Qwjx+FZ3xvCfeSIX8tiVbo4qd5IQN2PiihOYbe5bE=
github.com/hugoinaction/AcmeCommon v0.0.0-20220201175810-87390b83462d h1:fMTuPi1Xaqkk6wjTDan7Z1Lp6aIakZOCj8NlXfuOz8U=
github.com/hugoinaction/AcmeCommon v0.0.0-20220201175810-87390b83462d/go.mod h1:C9/TZoRRcat2ivTzO1tKCA7nGni/8PyFIlvNPr3vOo4=
github.com/hugoinaction/AcmeSearchSupport v0.0.0-20210730045221-af26e7a540c3 h1:teEygY0jP6hqI4VVlU2VhPMwz/mS9atmz0l7FJld07c=
github.com/hugoinaction/AcmeSearchSupport v0.0.0-20210730045221-af26e7a540c3/go.mod h1:Imqio2Q2foeKrKX+nlsAJhaudxQqVdmz87CCqsM68ME=
github.com/hugoinaction/AcmeSupport v0.0.0-20220201175812-abfd2f9e63bb h1:/eD7Qha/pqYvcJClZxhEEL1dtfziO4OhFdJHs8GMLbQ=
github.com/hugoinaction/AcmeSupport v0.0.0-20220201175812-abfd2f9e63bb/go.mod h1:kGNexn9VmQvIar/+RG6cW2Q1daLa/QPwWCLLX/N7gNA=
github.com/hugoinaction/TermsAndPrivacy v0.0.0-20200223231951-1c7c1972007a h1:pJIHysSc7qVpIdVbVnRyqw27iApGv8ld7l5amtIKjdg=
github.com/hugoinaction/TermsAndPrivacy v0.0.0-20200223231951-1c7c1972007a/go.mod h1:SKLyKoQovP9Eq2onrKoJg9nk2ncwqv5T6li5aMsD4/Q=
